
Microsoft Visual Studio Solution File, Format Version 12.00
# Visual Studio Version 16
VisualStudioVersion = 16.0.32228.343
MinimumVisualStudioVersion = 10.0.40219.1
Project("{9A19103F-16F7-4668-BE54-9A1E7A4F7556}") = "InfoTextSMSDashboard.Api", "InfoTextSMSDashboard.Api.csproj", "{7C3D4494-F7E5-4759-8A5B-347D2541750F}"
EndProject
Global
	GlobalSection(SolutionConfigurationPlatforms) = preSolution
		Debug|Any CPU = Debug|Any CPU
		Release|Any CPU = Release|Any CPU
	EndGlobalSection
	GlobalSection(ProjectConfigurationPlatforms) = postSolution
		{7C3D4494-F7E5-4759-8A5B-347D2541750F}.Debug|Any CPU.ActiveCfg = Debug|Any CPU
		{7C3D4494-F7E5-4759-8A5B-347D2541750F}.Debug|Any CPU.Build.0 = Debug|Any CPU
		{7C3D4494-F7E5-4759-8A5B-347D2541750F}.Release|Any CPU.ActiveCfg = Release|Any CPU
		{7C3D4494-F7E5-4759-8A5B-347D2541750F}.Release|Any CPU.Build.0 = Release|Any CPU
	EndGlobalSection
	GlobalSection(SolutionProperties) = preSolution
		HideSolutionNode = FALSE
	EndGlobalSection
	GlobalSection(ExtensibilityGlobals) = postSolution
		SolutionGuid = {D36685CD-BE53-4DBA-A1AF-2867BBC97BF0}
	EndGlobalSection
EndGlobal
